
Microsoft Visual Studio Solution File, Format Version 12.00
# Visual Studio Version 16
VisualStudioVersion = 16.0.28803.156
MinimumVisualStudioVersion = 10.0.40219.1
Project("{FAE04EC0-301F-11D3-BF4B-00C04F79EFBC}") = "Terrasoft.Tools.Svn", "Terrasoft.Tools.SVN\Terrasoft.Tools.Svn.csproj", "{9E2451FE-D03B-4823-BFCC-9449EB71685B}"
EndProject
Global
	GlobalSection(SolutionConfigurationPlatforms) = preSolution
		Debug|Any CPU = Debug|Any CPU
		Release|Any CPU = Release|Any CPU
	EndGlobalSection
	GlobalSection(ProjectConfigurationPlatforms) = postSolution
		{9E2451FE-D03B-4823-BFCC-9449EB71685B}.Debug|Any CPU.ActiveCfg = Debug|Any CPU
		{9E2451FE-D03B-4823-BFCC-9449EB71685B}.Debug|Any CPU.Build.0 = Debug|Any CPU
		{9E2451FE-D03B-4823-BFCC-9449EB71685B}.Release|Any CPU.ActiveCfg = Release|Any CPU
		{9E2451FE-D03B-4823-BFCC-9449EB71685B}.Release|Any CPU.Build.0 = Release|Any CPU
	EndGlobalSection
	GlobalSection(SolutionProperties) = preSolution
		HideSolutionNode = FALSE
	EndGlobalSection
	GlobalSection(ExtensibilityGlobals) = postSolution
		SolutionGuid = {2D4A28F8-6AEE-457A-BFBB-1FD1DA8C6660}
	EndGlobalSection
EndGlobal
